{
  "name": "uniapp-qa",
  "version": "1.0.0",
  "lockfileVersion": 1,
  "requires": true,
  "dependencies": {
    "argparse": {
      "version": "1.0.10",
      "resolved": "http://registry.npm.taobao.org/argparse/download/argparse-1.0.10.tgz",
      "integrity": "sha1-vNZ5HqWuCXJeF+WtmIE0zUCz2RE=",
      "dev": true,
      "requires": {
        "sprintf-js": "~1.0.2"
      }
    },
    "esprima": {
      "version": "4.0.1",
      "resolved": "http://registry.npm.taobao.org/esprima/download/esprima-4.0.1.tgz",
      "integrity": "sha1-E7BM2z5sXRnfkatph6hpVhmwqnE=",
      "dev": true
    },
    "extend-shallow": {
      "version": "2.0.1",
      "resolved": "http://registry.npm.taobao.org/extend-shallow/download/extend-shallow-2.0.1.tgz",
      "integrity": "sha1-Ua99YUrZqfYQ6huvu5idaxxWiQ8=",
      "dev": true,
      "requires": {
        "is-extendable": "^0.1.0"
      }
    },
    "is-extendable": {
      "version": "0.1.1",
      "resolved": "http://registry.npm.taobao.org/is-extendable/download/is-extendable-0.1.1.tgz",
      "integrity": "sha1-YrEQ4omkcUGOPsNqYX1HLjAd/Ik=",
      "dev": true
    },
    "js-yaml": {
      "version": "3.12.1",
      "resolved": "http://registry.npm.taobao.org/js-yaml/download/js-yaml-3.12.1.tgz",
      "integrity": "sha1-KVyGMqGKI+BUz1ydPOyv5ngWdgA=",
      "dev": true,
      "requires": {
        "argparse": "^1.0.7",
        "esprima": "^4.0.0"
      }
    },
    "make-dir": {
      "version": "1.3.0",
      "resolved": "http://registry.npm.taobao.org/make-dir/download/make-dir-1.3.0.tgz",
      "integrity": "sha1-ecEDO4BRW9bSTsmTPoYMp17ifww=",
      "dev": true,
      "requires": {
        "pify": "^3.0.0"
      }
    },
    "pify": {
      "version": "3.0.0",
      "resolved": "http://registry.npm.taobao.org/pify/download/pify-3.0.0.tgz",
      "integrity": "sha1-5aSs0sEB/fPZpNB/DbxNtJ3SgXY=",
      "dev": true
    },
    "read-yaml": {
      "version": "1.1.0",
      "resolved": "http://registry.npm.taobao.org/read-yaml/download/read-yaml-1.1.0.tgz",
      "integrity": "sha1-DSc6wMlb6SIw3A1MTE9biWCjNtY=",
      "dev": true,
      "requires": {
        "extend-shallow": "^2.0.1",
        "js-yaml": "^3.8.2"
      }
    },
    "sprintf-js": {
      "version": "1.0.3",
      "resolved": "http://registry.npm.taobao.org/sprintf-js/download/sprintf-js-1.0.3.tgz",
      "integrity": "sha1-BOaSb2YolTVPPdAVIDYzuFcpfiw=",
      "dev": true
    },
    "textfile": {
      "version": "1.2.0",
      "resolved": "http://registry.npm.taobao.org/textfile/download/textfile-1.2.0.tgz",
      "integrity": "sha1-foeHfqZ6WT4jajsbEgtjIrNhrxA=",
      "dev": true,
      "requires": {
        "make-dir": "^1.2.0",
        "xmldom": "^0.1.27"
      }
    },
    "xmldom": {
      "version": "0.1.27",
      "resolved": "http://registry.npm.taobao.org/xmldom/download/xmldom-0.1.27.tgz",
      "integrity": "sha1-1QH5ezvbQDr4757MIFcxh6rawOk=",
      "dev": true
    }
  }
}
